{
  "name": "sqld",
  "version": "0.24.1-pre.25",
  "lockfileVersion": 3,
  "requires": true,
  "packages": {
    "": {
      "name": "sqld",
      "version": "0.24.1-pre.25",
      "license": "MIT",
      "workspaces": [
        "packages/*"
      ],
      "engines": {
        "node": ">=18"
      },
      "optionalDependencies": {
        "@sqld/darwin-arm64": "0.24.1-pre.23",
        "@sqld/darwin-x64": "0.24.1-pre.23",
        "@sqld/linux-arm64": "0.24.1-pre.23",
        "@sqld/linux-x64": "0.24.1-pre.23"
      }
    },
    "node_modules/.vlt/··@isaacs§fs-minipass@4.0.1": {
      "extraneous": true
    },
    "node_modules/.vlt/··chownr@3.0.0/node_modules/chownr": {
      "version": "3.0.0",
      "extraneous": true,
      "license": "BlueOak-1.0.0",
      "devDependencies": {
        "@types/node": "^20.12.5",
        "mkdirp": "^3.0.1",
        "prettier": "^3.2.5",
        "rimraf": "^5.0.5",
        "tap": "^18.7.2",
        "tshy": "^1.13.1",
        "typedoc": "^0.25.12"
      },
      "engines": {
        "node": ">=18"
      }
    },
    "node_modules/.vlt/··minipass@7.1.2/node_modules/minipass": {
      "version": "7.1.2",
      "extraneous": true,
      "license": "ISC",
      "devDependencies": {
        "@types/end-of-stream": "^1.4.2",
        "@types/node": "^20.1.2",
        "end-of-stream": "^1.4.0",
        "node-abort-controller": "^3.1.1",
        "prettier": "^2.6.2",
        "tap": "^19.0.0",
        "through2": "^2.0.3",
        "tshy": "^1.14.0",
        "typedoc": "^0.25.1"
      },
      "engines": {
        "node": ">=16 || 14 >=14.17"
      }
    },
    "node_modules/.vlt/··minizlib@3.0.2": {
      "extraneous": true
    },
    "node_modules/.vlt/··mkdirp@3.0.1/node_modules/mkdirp": {
      "version": "3.0.1",
      "extraneous": true,
      "license": "MIT",
      "bin": {
        "mkdirp": "dist/cjs/src/bin.js"
      },
      "devDependencies": {
        "@types/brace-expansion": "^1.1.0",
        "@types/node": "^18.11.9",
        "@types/tap": "^15.0.7",
        "c8": "^7.12.0",
        "eslint-config-prettier": "^8.6.0",
        "prettier": "^2.8.2",
        "tap": "^16.3.3",
        "ts-node": "^10.9.1",
        "typedoc": "^0.23.21",
        "typescript": "^4.9.3"
      },
      "engines": {
        "node": ">=10"
      },
      "funding": {
        "url": "https://github.com/sponsors/isaacs"
      }
    },
    "node_modules/.vlt/··tar@7.4.3": {
      "extraneous": true
    },
    "node_modules/.vlt/··yallist@5.0.0/node_modules/yallist": {
      "version": "5.0.0",
      "extraneous": true,
      "license": "BlueOak-1.0.0",
      "devDependencies": {
        "prettier": "^3.2.5",
        "tap": "^18.7.2",
        "tshy": "^1.13.1",
        "typedoc": "^0.25.13"
      },
      "engines": {
        "node": ">=18"
      }
    },
    "node_modules/@sqld/darwin-arm64": {
      "resolved": "packages/darwin-arm64",
      "link": true
    },
    "node_modules/@sqld/darwin-x64": {
      "resolved": "packages/darwin-x64",
      "link": true
    },
    "node_modules/@sqld/linux-arm64": {
      "resolved": "packages/linux-arm64",
      "link": true
    },
    "node_modules/@sqld/linux-x64": {
      "resolved": "packages/linux-x64",
      "link": true
    },
    "packages/darwin-arm64": {
      "name": "@sqld/darwin-arm64",
      "version": "0.24.1-pre.24",
      "cpu": [
        "arm64"
      ],
      "license": "MIT",
      "os": [
        "darwin"
      ],
      "bin": {
        "sqld": "sqld"
      }
    },
    "packages/darwin-x64": {
      "name": "@sqld/darwin-x64",
      "version": "0.24.1-pre.24",
      "cpu": [
        "x64"
      ],
      "license": "MIT",
      "os": [
        "darwin"
      ],
      "bin": {
        "sqld": "sqld"
      }
    },
    "packages/linux-arm64": {
      "name": "@sqld/linux-arm64",
      "version": "0.24.1-pre.24",
      "cpu": [
        "arm64"
      ],
      "license": "MIT",
      "os": [
        "linux"
      ],
      "bin": {
        "sqld": "sqld"
      }
    },
    "packages/linux-x64": {
      "name": "@sqld/linux-x64",
      "version": "0.24.1-pre.24",
      "cpu": [
        "x64"
      ],
      "license": "MIT",
      "os": [
        "linux"
      ],
      "bin": {
        "sqld": "sqld"
      }
    }
  }
}
